
Microsoft Visual Studio Solution File, Format Version 12.00
# Visual Studio 15
VisualStudioVersion = 15.0.27703.2018
MinimumVisualStudioVersion = 10.0.40219.1
Project("{FAE04EC0-301F-11D3-BF4B-00C04F79EFBC}") = "FMCGAndroidApp.Android", "FMCGAndroidApp\FMCGAndroidApp.Android\FMCGAndroidApp.Android.csproj", "{05AE57A7-EA95-4E36-9741-D458988AF88D}"
EndProject
Project("{FAE04EC0-301F-11D3-BF4B-00C04F79EFBC}") = "FMCGAndroidApp.iOS", "FMCGAndroidApp\FMCGAndroidApp.iOS\FMCGAndroidApp.iOS.csproj", "{4FDB5096-4E47-4E5D-9C2B-8AA1C3EF31C8}"
EndProject
Project("{FAE04EC0-301F-11D3-BF4B-00C04F79EFBC}") = "FMCGAndroidApp", "FMCGAndroidApp\FMCGAndroidApp\FMCGAndroidApp.csproj", "{84F24CBF-6E19-445E-B692-3A05B9ABD0A3}"
EndProject
Global
	GlobalSection(SolutionConfigurationPlatforms) = preSolution
		Ad-Hoc|Any CPU = Ad-Hoc|Any CPU
		Ad-Hoc|iPhone = Ad-Hoc|iPhone
		Ad-Hoc|iPhoneSimulator = Ad-Hoc|iPhoneSimulator
		AppStore|Any CPU = AppStore|Any CPU
		AppStore|iPhone = AppStore|iPhone
		AppStore|iPhoneSimulator = AppStore|iPhoneSimulator
		Debug|Any CPU = Debug|Any CPU
		Debug|iPhone = Debug|iPhone
		Debug|iPhoneSimulator = Debug|iPhoneSimulator
		Release|Any CPU = Release|Any CPU
		Release|iPhone = Release|iPhone
		Release|iPhoneSimulator = Release|iPhoneSimulator
	EndGlobalSection
	GlobalSection(ProjectConfigurationPlatforms) = postSolution
		{05AE57A7-EA95-4E36-9741-D458988AF88D}.Ad-Hoc|Any CPU.ActiveCfg = Release|Any CPU
		{05AE57A7-EA95-4E36-9741-D458988AF88D}.Ad-Hoc|Any CPU.Build.0 = Release|Any CPU
		{05AE57A7-EA95-4E36-9741-D458988AF88D}.Ad-Hoc|Any CPU.Deploy.0 = Release|Any CPU
		{05AE57A7-EA95-4E36-9741-D458988AF88D}.Ad-Hoc|iPhone.ActiveCfg = Release|Any CPU
		{05AE57A7-EA95-4E36-9741-D458988AF88D}.Ad-Hoc|iPhone.Build.0 = Release|Any CPU
		{05AE57A7-EA95-4E36-9741-D458988AF88D}.Ad-Hoc|iPhone.Deploy.0 = Release|Any CPU
		{05AE57A7-EA95-4E36-9741-D458988AF88D}.Ad-Hoc|iPhoneSimulator.ActiveCfg = Release|Any CPU
		{05AE57A7-EA95-4E36-9741-D458988AF88D}.Ad-Hoc|iPhoneSimulator.Build.0 = Release|Any CPU
		{05AE57A7-EA95-4E36-9741-D458988AF88D}.Ad-Hoc|iPhoneSimulator.Deploy.0 = Release|Any CPU
		{05AE57A7-EA95-4E36-9741-D458988AF88D}.AppStore|Any CPU.ActiveCfg = Release|Any CPU
		{05AE57A7-EA95-4E36-9741-D458988AF88D}.AppStore|Any CPU.Build.0 = Release|Any CPU
		{05AE57A7-EA95-4E36-9741-D458988AF88D}.AppStore|Any CPU.Deploy.0 = Release|Any CPU
		{05AE57A7-EA95-4E36-9741-D458988AF88D}.AppStore|iPhone.ActiveCfg = Release|Any CPU
		{05AE57A7-EA95-4E36-9741-D458988AF88D}.AppStore|iPhone.Build.0 = Release|Any CPU
		{05AE57A7-EA95-4E36-9741-D458988AF88D}.AppStore|iPhone.Deploy.0 = Release|Any CPU
		{05AE57A7-EA95-4E36-9741-D458988AF88D}.AppStore|iPhoneSimulator.ActiveCfg = Release|Any CPU
		{05AE57A7-EA95-4E36-9741-D458988AF88D}.AppStore|iPhoneSimulator.Build.0 = Release|Any CPU
		{05AE57A7-EA95-4E36-9741-D458988AF88D}.AppStore|iPhoneSimulator.Deploy.0 = Release|Any CPU
		{05AE57A7-EA95-4E36-9741-D458988AF88D}.Debug|Any CPU.ActiveCfg = Debug|Any CPU
		{05AE57A7-EA95-4E36-9741-D458988AF88D}.Debug|Any CPU.Build.0 = Debug|Any CPU
		{05AE57A7-EA95-4E36-9741-D458988AF88D}.Debug|Any CPU.Deploy.0 = Debug|Any CPU
		{05AE57A7-EA95-4E36-9741-D458988AF88D}.Debug|iPhone.ActiveCfg = Debug|Any CPU
		{05AE57A7-EA95-4E36-9741-D458988AF88D}.Debug|iPhone.Build.0 = Debug|Any CPU
		{05AE57A7-EA95-4E36-9741-D458988AF88D}.Debug|iPhone.Deploy.0 = Debug|Any CPU
		{05AE57A7-EA95-4E36-9741-D458988AF88D}.Debug|iPhoneSimulator.ActiveCfg = Debug|Any CPU
		{05AE57A7-EA95-4E36-9741-D458988AF88D}.Debug|iPhoneSimulator.Build.0 = Debug|Any CPU
		{05AE57A7-EA95-4E36-9741-D458988AF88D}.Debug|iPhoneSimulator.Deploy.0 = Debug|Any CPU
		{05AE57A7-EA95-4E36-9741-D458988AF88D}.Release|Any CPU.ActiveCfg = Release|Any CPU
		{05AE57A7-EA95-4E36-9741-D458988AF88D}.Release|Any CPU.Build.0 = Release|Any CPU
		{05AE57A7-EA95-4E36-9741-D458988AF88D}.Release|Any CPU.Deploy.0 = Release|Any CPU
		{05AE57A7-EA95-4E36-9741-D458988AF88D}.Release|iPhone.ActiveCfg = Release|Any CPU
		{05AE57A7-EA95-4E36-9741-D458988AF88D}.Release|iPhone.Build.0 = Release|Any CPU
		{05AE57A7-EA95-4E36-9741-D458988AF88D}.Release|iPhone.Deploy.0 = Release|Any CPU
		{05AE57A7-EA95-4E36-9741-D458988AF88D}.Release|iPhoneSimulator.ActiveCfg = Release|Any CPU
		{05AE57A7-EA95-4E36-9741-D458988AF88D}.Release|iPhoneSimulator.Build.0 = Release|Any CPU
		{05AE57A7-EA95-4E36-9741-D458988AF88D}.Release|iPhoneSimulator.Deploy.0 = Release|Any CPU
		{4FDB5096-4E47-4E5D-9C2B-8AA1C3EF31C8}.Ad-Hoc|Any CPU.ActiveCfg = Ad-Hoc|iPhone
		{4FDB5096-4E47-4E5D-9C2B-8AA1C3EF31C8}.Ad-Hoc|Any CPU.Build.0 = Ad-Hoc|iPhone
		{4FDB5096-4E47-4E5D-9C2B-8AA1C3EF31C8}.Ad-Hoc|Any CPU.Deploy.0 = Ad-Hoc|iPhone
		{4FDB5096-4E47-4E5D-9C2B-8AA1C3EF31C8}.Ad-Hoc|iPhone.ActiveCfg = Ad-Hoc|iPhone
		{4FDB5096-4E47-4E5D-9C2B-8AA1C3EF31C8}.Ad-Hoc|iPhone.Build.0 = Ad-Hoc|iPhone
		{4FDB5096-4E47-4E5D-9C2B-8AA1C3EF31C8}.Ad-Hoc|iPhone.Deploy.0 = Ad-Hoc|iPhone
		{4FDB5096-4E47-4E5D-9C2B-8AA1C3EF31C8}.Ad-Hoc|iPhoneSimulator.ActiveCfg = Ad-Hoc|iPhoneSimulator
		{4FDB5096-4E47-4E5D-9C2B-8AA1C3EF31C8}.Ad-Hoc|iPhoneSimulator.Build.0 = Ad-Hoc|iPhoneSimulator
		{4FDB5096-4E47-4E5D-9C2B-8AA1C3EF31C8}.Ad-Hoc|iPhoneSimulator.Deploy.0 = Ad-Hoc|iPhoneSimulator
		{4FDB5096-4E47-4E5D-9C2B-8AA1C3EF31C8}.AppStore|Any CPU.ActiveCfg = AppStore|iPhone
		{4FDB5096-4E47-4E5D-9C2B-8AA1C3EF31C8}.AppStore|Any CPU.Build.0 = AppStore|iPhone
		{4FDB5096-4E47-4E5D-9C2B-8AA1C3EF31C8}.AppStore|Any CPU.Deploy.0 = AppStore|iPhone
		{4FDB5096-4E47-4E5D-9C2B-8AA1C3EF31C8}.AppStore|iPhone.ActiveCfg = AppStore|iPhone
		{4FDB5096-4E47-4E5D-9C2B-8AA1C3EF31C8}.AppStore|iPhone.Build.0 = AppStore|iPhone
		{4FDB5096-4E47-4E5D-9C2B-8AA1C3EF31C8}.AppStore|iPhone.Deploy.0 = AppStore|iPhone
		{4FDB5096-4E47-4E5D-9C2B-8AA1C3EF31C8}.AppStore|iPhoneSimulator.ActiveCfg = AppStore|iPhoneSimulator
		{4FDB5096-4E47-4E5D-9C2B-8AA1C3EF31C8}.AppStore|iPhoneSimulator.Build.0 = AppStore|iPhoneSimulator
		{4FDB5096-4E47-4E5D-9C2B-8AA1C3EF31C8}.AppStore|iPhoneSimulator.Deploy.0 = AppStore|iPhoneSimulator
		{4FDB5096-4E47-4E5D-9C2B-8AA1C3EF31C8}.Debug|Any CPU.ActiveCfg = Debug|iPhoneSimulator
		{4FDB5096-4E47-4E5D-9C2B-8AA1C3EF31C8}.Debug|Any CPU.Build.0 = Debug|iPhoneSimulator
		{4FDB5096-4E47-4E5D-9C2B-8AA1C3EF31C8}.Debug|Any CPU.Deploy.0 = Debug|iPhoneSimulator
		{4FDB5096-4E47-4E5D-9C2B-8AA1C3EF31C8}.Debug|iPhone.ActiveCfg = Debug|iPhone
		{4FDB5096-4E47-4E5D-9C2B-8AA1C3EF31C8}.Debug|iPhone.Build.0 = Debug|iPhone
		{4FDB5096-4E47-4E5D-9C2B-8AA1C3EF31C8}.Debug|iPhone.Deploy.0 = Debug|iPhone
		{4FDB5096-4E47-4E5D-9C2B-8AA1C3EF31C8}.Debug|iPhoneSimulator.ActiveCfg = Debug|iPhoneSimulator
		{4FDB5096-4E47-4E5D-9C2B-8AA1C3EF31C8}.Debug|iPhoneSimulator.Build.0 = Debug|iPhoneSimulator
		{4FDB5096-4E47-4E5D-9C2B-8AA1C3EF31C8}.Debug|iPhoneSimulator.Deploy.0 = Debug|iPhoneSimulator
		{4FDB5096-4E47-4E5D-9C2B-8AA1C3EF31C8}.Release|Any CPU.ActiveCfg = Release|iPhone
		{4FDB5096-4E47-4E5D-9C2B-8AA1C3EF31C8}.Release|Any CPU.Build.0 = Release|iPhone
		{4FDB5096-4E47-4E5D-9C2B-8AA1C3EF31C8}.Release|Any CPU.Deploy.0 = Release|iPhone
		{4FDB5096-4E47-4E5D-9C2B-8AA1C3EF31C8}.Release|iPhone.ActiveCfg = Release|iPhone
		{4FDB5096-4E47-4E5D-9C2B-8AA1C3EF31C8}.Release|iPhone.Build.0 = Release|iPhone
		{4FDB5096-4E47-4E5D-9C2B-8AA1C3EF31C8}.Release|iPhone.Deploy.0 = Release|iPhone
		{4FDB5096-4E47-4E5D-9C2B-8AA1C3EF31C8}.Release|iPhoneSimulator.ActiveCfg = Release|iPhoneSimulator
		{4FDB5096-4E47-4E5D-9C2B-8AA1C3EF31C8}.Release|iPhoneSimulator.Build.0 = Release|iPhoneSimulator
		{4FDB5096-4E47-4E5D-9C2B-8AA1C3EF31C8}.Release|iPhoneSimulator.Deploy.0 = Release|iPhoneSimulator
		{84F24CBF-6E19-445E-B692-3A05B9ABD0A3}.Ad-Hoc|Any CPU.ActiveCfg = Debug|Any CPU
		{84F24CBF-6E19-445E-B692-3A05B9ABD0A3}.Ad-Hoc|Any CPU.Build.0 = Debug|Any CPU
		{84F24CBF-6E19-445E-B692-3A05B9ABD0A3}.Ad-Hoc|Any CPU.Deploy.0 = Debug|Any CPU
		{84F24CBF-6E19-445E-B692-3A05B9ABD0A3}.Ad-Hoc|iPhone.ActiveCfg = Debug|Any CPU
		{84F24CBF-6E19-445E-B692-3A05B9ABD0A3}.Ad-Hoc|iPhone.Build.0 = Debug|Any CPU
		{84F24CBF-6E19-445E-B692-3A05B9ABD0A3}.Ad-Hoc|iPhone.Deploy.0 = Debug|Any CPU
		{84F24CBF-6E19-445E-B692-3A05B9ABD0A3}.Ad-Hoc|iPhoneSimulator.ActiveCfg = Debug|Any CPU
		{84F24CBF-6E19-445E-B692-3A05B9ABD0A3}.Ad-Hoc|iPhoneSimulator.Build.0 = Debug|Any CPU
		{84F24CBF-6E19-445E-B692-3A05B9ABD0A3}.Ad-Hoc|iPhoneSimulator.Deploy.0 = Debug|Any CPU
		{84F24CBF-6E19-445E-B692-3A05B9ABD0A3}.AppStore|Any CPU.ActiveCfg = Debug|Any CPU
		{84F24CBF-6E19-445E-B692-3A05B9ABD0A3}.AppStore|Any CPU.Build.0 = Debug|Any CPU
		{84F24CBF-6E19-445E-B692-3A05B9ABD0A3}.AppStore|Any CPU.Deploy.0 = Debug|Any CPU
		{84F24CBF-6E19-445E-B692-3A05B9ABD0A3}.AppStore|iPhone.ActiveCfg = Debug|Any CPU
		{84F24CBF-6E19-445E-B692-3A05B9ABD0A3}.AppStore|iPhone.Build.0 = Debug|Any CPU
		{84F24CBF-6E19-445E-B692-3A05B9ABD0A3}.AppStore|iPhone.Deploy.0 = Debug|Any CPU
		{84F24CBF-6E19-445E-B692-3A05B9ABD0A3}.AppStore|iPhoneSimulator.ActiveCfg = Debug|Any CPU
		{84F24CBF-6E19-445E-B692-3A05B9ABD0A3}.AppStore|iPhoneSimulator.Build.0 = Debug|Any CPU
		{84F24CBF-6E19-445E-B692-3A05B9ABD0A3}.AppStore|iPhoneSimulator.Deploy.0 = Debug|Any CPU
		{84F24CBF-6E19-445E-B692-3A05B9ABD0A3}.Debug|Any CPU.ActiveCfg = Debug|Any CPU
		{84F24CBF-6E19-445E-B692-3A05B9ABD0A3}.Debug|Any CPU.Build.0 = Debug|Any CPU
		{84F24CBF-6E19-445E-B692-3A05B9ABD0A3}.Debug|Any CPU.Deploy.0 = Debug|Any CPU
		{84F24CBF-6E19-445E-B692-3A05B9ABD0A3}.Debug|iPhone.ActiveCfg = Debug|Any CPU
		{84F24CBF-6E19-445E-B692-3A05B9ABD0A3}.Debug|iPhone.Build.0 = Debug|Any CPU
		{84F24CBF-6E19-445E-B692-3A05B9ABD0A3}.Debug|iPhone.Deploy.0 = Debug|Any CPU
		{84F24CBF-6E19-445E-B692-3A05B9ABD0A3}.Debug|iPhoneSimulator.ActiveCfg = Debug|Any CPU
		{84F24CBF-6E19-445E-B692-3A05B9ABD0A3}.Debug|iPhoneSimulator.Build.0 = Debug|Any CPU
		{84F24CBF-6E19-445E-B692-3A05B9ABD0A3}.Debug|iPhoneSimulator.Deploy.0 = Debug|Any CPU
		{84F24CBF-6E19-445E-B692-3A05B9ABD0A3}.Release|Any CPU.ActiveCfg = Release|Any CPU
		{84F24CBF-6E19-445E-B692-3A05B9ABD0A3}.Release|Any CPU.Build.0 = Release|Any CPU
		{84F24CBF-6E19-445E-B692-3A05B9ABD0A3}.Release|Any CPU.Deploy.0 = Release|Any CPU
		{84F24CBF-6E19-445E-B692-3A05B9ABD0A3}.Release|iPhone.ActiveCfg = Release|Any CPU
		{84F24CBF-6E19-445E-B692-3A05B9ABD0A3}.Release|iPhone.Build.0 = Release|Any CPU
		{84F24CBF-6E19-445E-B692-3A05B9ABD0A3}.Release|iPhone.Deploy.0 = Release|Any CPU
		{84F24CBF-6E19-445E-B692-3A05B9ABD0A3}.Release|iPhoneSimulator.ActiveCfg = Release|Any CPU
		{84F24CBF-6E19-445E-B692-3A05B9ABD0A3}.Release|iPhoneSimulator.Build.0 = Release|Any CPU
		{84F24CBF-6E19-445E-B692-3A05B9ABD0A3}.Release|iPhoneSimulator.Deploy.0 = Release|Any CPU
	EndGlobalSection
	GlobalSection(SolutionProperties) = preSolution
		HideSolutionNode = FALSE
	EndGlobalSection
	GlobalSection(ExtensibilityGlobals) = postSolution
		SolutionGuid = {E964D409-38B5-454D-8CF2-107CC75F4027}
	EndGlobalSection
EndGlobal
